
Microsoft Visual Studio Solution File, Format Version 12.00
# Visual Studio 15
Project("{FAE04EC0-301F-11D3-BF4B-00C04F79EFBC}") = "Assembly-CSharp-Editor", "Assembly-CSharp-Editor.csproj", "{5D832D93-5DFA-1D05-2BB0-B5B03B944426}"
EndProject
Project("{FAE04EC0-301F-11D3-BF4B-00C04F79EFBC}") = "Assembly-CSharp", "Assembly-CSharp.csproj", "{4AB8CF06-924D-83A2-7A48-F60150773C14}"
EndProject
Global
	GlobalSection(SolutionConfigurationPlatforms) = preSolution
		Debug|Any CPU = Debug|Any CPU
		Release|Any CPU = Release|Any CPU
	EndGlobalSection
	GlobalSection(ProjectConfigurationPlatforms) = postSolution
		{5D832D93-5DFA-1D05-2BB0-B5B03B944426}.Debug|Any CPU.ActiveCfg = Debug|Any CPU
		{5D832D93-5DFA-1D05-2BB0-B5B03B944426}.Debug|Any CPU.Build.0 = Debug|Any CPU
		{5D832D93-5DFA-1D05-2BB0-B5B03B944426}.Release|Any CPU.ActiveCfg = Release|Any CPU
		{5D832D93-5DFA-1D05-2BB0-B5B03B944426}.Release|Any CPU.Build.0 = Release|Any CPU
		{4AB8CF06-924D-83A2-7A48-F60150773C14}.Debug|Any CPU.ActiveCfg = Debug|Any CPU
		{4AB8CF06-924D-83A2-7A48-F60150773C14}.Debug|Any CPU.Build.0 = Debug|Any CPU
		{4AB8CF06-924D-83A2-7A48-F60150773C14}.Release|Any CPU.ActiveCfg = Release|Any CPU
		{4AB8CF06-924D-83A2-7A48-F60150773C14}.Release|Any CPU.Build.0 = Release|Any CPU
	EndGlobalSection
	GlobalSection(SolutionProperties) = preSolution
		HideSolutionNode = FALSE
	EndGlobalSection
EndGlobal
